Microsoft Visual Studio Solution File, Format Version 12.00
# Visual Studio Version 17
VisualStudioVersion = 17.5.2.0
MinimumVisualStudioVersion = 10.0.40219.1
Project("{FAE04EC0-301F-11D3-BF4B-00C04F79EFBC}") = "PokerLabBlazor", "PokerLabBlazor.csproj", "{4B52C9CD-9B91-E9B8-82D1-5A74BEC4197C}"
EndProject
Global
	GlobalSection(SolutionConfigurationPlatforms) = preSolution
		Debug|Any CPU = Debug|Any CPU
		Release|Any CPU = Release|Any CPU
	EndGlobalSection
	GlobalSection(ProjectConfigurationPlatforms) = postSolution
		{4B52C9CD-9B91-E9B8-82D1-5A74BEC4197C}.Debug|Any CPU.ActiveCfg = Debug|Any CPU
		{4B52C9CD-9B91-E9B8-82D1-5A74BEC4197C}.Debug|Any CPU.Build.0 = Debug|Any CPU
		{4B52C9CD-9B91-E9B8-82D1-5A74BEC4197C}.Release|Any CPU.ActiveCfg = Release|Any CPU
		{4B52C9CD-9B91-E9B8-82D1-5A74BEC4197C}.Release|Any CPU.Build.0 = Release|Any CPU
	EndGlobalSection
	GlobalSection(SolutionProperties) = preSolution
		HideSolutionNode = FALSE
	EndGlobalSection
	GlobalSection(ExtensibilityGlobals) = postSolution
		SolutionGuid = {206039F6-051D-411D-847C-4812E7874C52}
	EndGlobalSection
EndGlobal
